
Microsoft Visual Studio Solution File, Format Version 12.00
# Visual Studio Version 17
VisualStudioVersion = 17.0.31919.166
MinimumVisualStudioVersion = 10.0.40219.1
Project("{FAE04EC0-301F-11D3-BF4B-00C04F79EFBC}") = "Prs-Server2022", "Prs-Server2022\Prs-Server2022.csproj", "{0457091F-AED5-49EB-96C9-DA495AA5BFF9}"
EndProject
Global
	GlobalSection(SolutionConfigurationPlatforms) = preSolution
		Debug|Any CPU = Debug|Any CPU
		Release|Any CPU = Release|Any CPU
	EndGlobalSection
	GlobalSection(ProjectConfigurationPlatforms) = postSolution
		{0457091F-AED5-49EB-96C9-DA495AA5BFF9}.Debug|Any CPU.ActiveCfg = Debug|Any CPU
		{0457091F-AED5-49EB-96C9-DA495AA5BFF9}.Debug|Any CPU.Build.0 = Debug|Any CPU
		{0457091F-AED5-49EB-96C9-DA495AA5BFF9}.Release|Any CPU.ActiveCfg = Release|Any CPU
		{0457091F-AED5-49EB-96C9-DA495AA5BFF9}.Release|Any CPU.Build.0 = Release|Any CPU
	EndGlobalSection
	GlobalSection(SolutionProperties) = preSolution
		HideSolutionNode = FALSE
	EndGlobalSection
	GlobalSection(ExtensibilityGlobals) = postSolution
		SolutionGuid = {D9E238F7-9236-472F-A510-5F53FF2E2A3C}
	EndGlobalSection
EndGlobal
